
Microsoft Visual Studio Solution File, Format Version 12.00
# Visual Studio Version 17
VisualStudioVersion = 17.2.32422.2
MinimumVisualStudioVersion = 10.0.40219.1
Project("{9A19103F-16F7-4668-BE54-9A1E7A4F7556}") = "Core", "Core\Core.csproj", "{07DC521B-E707-4814-B2CA-1335B7F00C09}"
EndProject
Project("{9A19103F-16F7-4668-BE54-9A1E7A4F7556}") = "Bootstrap", "Bootstrap\Bootstrap.csproj", "{0D98865A-4077-41B6-A712-8D7DF91B5B02}"
EndProject
Project("{9A19103F-16F7-4668-BE54-9A1E7A4F7556}") = "API", "API\API.csproj", "{43B2D155-CBE9-407E-9EE6-60170BFCB33D}"
EndProject
Project("{9A19103F-16F7-4668-BE54-9A1E7A4F7556}") = "Tests", "Tests\Tests.csproj", "{F4199101-8840-4616-A25D-869E5F0C2B27}"
EndProject
Project("{9A19103F-16F7-4668-BE54-9A1E7A4F7556}") = "TestAssembly", "TestAssembly\TestAssembly.csproj", "{A350F515-23AB-4288-8972-800E05261642}"
EndProject
Global
	GlobalSection(SolutionConfigurationPlatforms) = preSolution
		Debug|Any CPU = Debug|Any CPU
		Release|Any CPU = Release|Any CPU
	EndGlobalSection
	GlobalSection(ProjectConfigurationPlatforms) = postSolution
		{07DC521B-E707-4814-B2CA-1335B7F00C09}.Debug|Any CPU.ActiveCfg = Debug|Any CPU
		{07DC521B-E707-4814-B2CA-1335B7F00C09}.Debug|Any CPU.Build.0 = Debug|Any CPU
		{07DC521B-E707-4814-B2CA-1335B7F00C09}.Release|Any CPU.ActiveCfg = Release|Any CPU
		{07DC521B-E707-4814-B2CA-1335B7F00C09}.Release|Any CPU.Build.0 = Release|Any CPU
		{0D98865A-4077-41B6-A712-8D7DF91B5B02}.Debug|Any CPU.ActiveCfg = Debug|Any CPU
		{0D98865A-4077-41B6-A712-8D7DF91B5B02}.Debug|Any CPU.Build.0 = Debug|Any CPU
		{0D98865A-4077-41B6-A712-8D7DF91B5B02}.Release|Any CPU.ActiveCfg = Release|Any CPU
		{0D98865A-4077-41B6-A712-8D7DF91B5B02}.Release|Any CPU.Build.0 = Release|Any CPU
		{43B2D155-CBE9-407E-9EE6-60170BFCB33D}.Debug|Any CPU.ActiveCfg = Debug|Any CPU
		{43B2D155-CBE9-407E-9EE6-60170BFCB33D}.Debug|Any CPU.Build.0 = Debug|Any CPU
		{43B2D155-CBE9-407E-9EE6-60170BFCB33D}.Release|Any CPU.ActiveCfg = Release|Any CPU
		{43B2D155-CBE9-407E-9EE6-60170BFCB33D}.Release|Any CPU.Build.0 = Release|Any CPU
		{F4199101-8840-4616-A25D-869E5F0C2B27}.Debug|Any CPU.ActiveCfg = Debug|Any CPU
		{F4199101-8840-4616-A25D-869E5F0C2B27}.Debug|Any CPU.Build.0 = Debug|Any CPU
		{F4199101-8840-4616-A25D-869E5F0C2B27}.Release|Any CPU.ActiveCfg = Release|Any CPU
		{F4199101-8840-4616-A25D-869E5F0C2B27}.Release|Any CPU.Build.0 = Release|Any CPU
		{A350F515-23AB-4288-8972-800E05261642}.Debug|Any CPU.ActiveCfg = Debug|Any CPU
		{A350F515-23AB-4288-8972-800E05261642}.Debug|Any CPU.Build.0 = Debug|Any CPU
		{A350F515-23AB-4288-8972-800E05261642}.Release|Any CPU.ActiveCfg = Release|Any CPU
		{A350F515-23AB-4288-8972-800E05261642}.Release|Any CPU.Build.0 = Release|Any CPU
	EndGlobalSection
	GlobalSection(SolutionProperties) = preSolution
		HideSolutionNode = FALSE
	EndGlobalSection
	GlobalSection(ExtensibilityGlobals) = postSolution
		SolutionGuid = {E8A87257-65E9-463C-8D2D-CC0FE5C85347}
	EndGlobalSection
EndGlobal
