
Microsoft Visual Studio Solution File, Format Version 12.00
# Visual Studio Version 16
VisualStudioVersion = 16.0.30001.183
MinimumVisualStudioVersion = 10.0.40219.1
Project("{FAE04EC0-301F-11D3-BF4B-00C04F79EFBC}") = "Core", "Core\Core.csproj", "{07DC521B-E707-4814-B2CA-1335B7F00C09}"
EndProject
Project("{FAE04EC0-301F-11D3-BF4B-00C04F79EFBC}") = "Bootstrap", "Bootstrap\Bootstrap.csproj", "{0D98865A-4077-41B6-A712-8D7DF91B5B02}"
EndProject
Global
	GlobalSection(SolutionConfigurationPlatforms) = preSolution
		Debug|Any CPU = Debug|Any CPU
		Release|Any CPU = Release|Any CPU
	EndGlobalSection
	GlobalSection(ProjectConfigurationPlatforms) = postSolution
		{07DC521B-E707-4814-B2CA-1335B7F00C09}.Debug|Any CPU.ActiveCfg = Debug|Any CPU
		{07DC521B-E707-4814-B2CA-1335B7F00C09}.Debug|Any CPU.Build.0 = Debug|Any CPU
		{07DC521B-E707-4814-B2CA-1335B7F00C09}.Release|Any CPU.ActiveCfg = Release|Any CPU
		{07DC521B-E707-4814-B2CA-1335B7F00C09}.Release|Any CPU.Build.0 = Release|Any CPU
		{0D98865A-4077-41B6-A712-8D7DF91B5B02}.Debug|Any CPU.ActiveCfg = Debug|Any CPU
		{0D98865A-4077-41B6-A712-8D7DF91B5B02}.Debug|Any CPU.Build.0 = Debug|Any CPU
		{0D98865A-4077-41B6-A712-8D7DF91B5B02}.Release|Any CPU.ActiveCfg = Release|Any CPU
		{0D98865A-4077-41B6-A712-8D7DF91B5B02}.Release|Any CPU.Build.0 = Release|Any CPU
	EndGlobalSection
	GlobalSection(SolutionProperties) = preSolution
		HideSolutionNode = FALSE
	EndGlobalSection
	GlobalSection(ExtensibilityGlobals) = postSolution
		SolutionGuid = {E8A87257-65E9-463C-8D2D-CC0FE5C85347}
	EndGlobalSection
EndGlobal
